
Microsoft Visual Studio Solution File, Format Version 12.00
# Visual Studio Version 16
VisualStudioVersion = 16.0.29215.179
MinimumVisualStudioVersion = 10.0.40219.1
Project("{FAE04EC0-301F-11D3-BF4B-00C04F79EFBC}") = "KalendarzWydarzenRodzinnych", "KalendarzWydarzenRodzinnych\KalendarzWydarzenRodzinnych.csproj", "{27CC4219-8020-42B4-A0C7-3E14B1A64225}"
EndProject
Global
	GlobalSection(SolutionConfigurationPlatforms) = preSolution
		Debug|Any CPU = Debug|Any CPU
		Release|Any CPU = Release|Any CPU
	EndGlobalSection
	GlobalSection(ProjectConfigurationPlatforms) = postSolution
		{27CC4219-8020-42B4-A0C7-3E14B1A64225}.Debug|Any CPU.ActiveCfg = Debug|Any CPU
		{27CC4219-8020-42B4-A0C7-3E14B1A64225}.Debug|Any CPU.Build.0 = Debug|Any CPU
		{27CC4219-8020-42B4-A0C7-3E14B1A64225}.Release|Any CPU.ActiveCfg = Release|Any CPU
		{27CC4219-8020-42B4-A0C7-3E14B1A64225}.Release|Any CPU.Build.0 = Release|Any CPU
	EndGlobalSection
	GlobalSection(SolutionProperties) = preSolution
		HideSolutionNode = FALSE
	EndGlobalSection
	GlobalSection(ExtensibilityGlobals) = postSolution
		SolutionGuid = {DB13D6CE-AD61-44BF-8DEB-70E2A935DC0E}
	EndGlobalSection
EndGlobal
